
Microsoft Visual Studio Solution File, Format Version 12.00
# Visual Studio Version 17
VisualStudioVersion = 17.7.34003.232
MinimumVisualStudioVersion = 10.0.40219.1
Project("{FAE04EC0-301F-11D3-BF4B-00C04F79EFBC}") = "SumUp.Core", "SumUp.Core\SumUp.Core.csproj", "{7D4DB6B1-3272-4C37-B27F-F29A35B68272}"
EndProject
Project("{FAE04EC0-301F-11D3-BF4B-00C04F79EFBC}") = "SumUp.Contracts", "SumUp.Contracts\SumUp.Contracts.csproj", "{201D90DC-3670-4FE1-9227-807AA5E985AF}"
EndProject
Project("{FAE04EC0-301F-11D3-BF4B-00C04F79EFBC}") = "SumUp.Services", "SumUp.Services\SumUp.Services.csproj", "{AF8AD107-AD63-4A65-B787-A74961AF1DDC}"
EndProject
Global
	GlobalSection(SolutionConfigurationPlatforms) = preSolution
		Debug|Any CPU = Debug|Any CPU
		Release|Any CPU = Release|Any CPU
	EndGlobalSection
	GlobalSection(ProjectConfigurationPlatforms) = postSolution
		{7D4DB6B1-3272-4C37-B27F-F29A35B68272}.Debug|Any CPU.ActiveCfg = Debug|Any CPU
		{7D4DB6B1-3272-4C37-B27F-F29A35B68272}.Debug|Any CPU.Build.0 = Debug|Any CPU
		{7D4DB6B1-3272-4C37-B27F-F29A35B68272}.Release|Any CPU.ActiveCfg = Release|Any CPU
		{7D4DB6B1-3272-4C37-B27F-F29A35B68272}.Release|Any CPU.Build.0 = Release|Any CPU
		{201D90DC-3670-4FE1-9227-807AA5E985AF}.Debug|Any CPU.ActiveCfg = Debug|Any CPU
		{201D90DC-3670-4FE1-9227-807AA5E985AF}.Debug|Any CPU.Build.0 = Debug|Any CPU
		{201D90DC-3670-4FE1-9227-807AA5E985AF}.Release|Any CPU.ActiveCfg = Release|Any CPU
		{201D90DC-3670-4FE1-9227-807AA5E985AF}.Release|Any CPU.Build.0 = Release|Any CPU
		{AF8AD107-AD63-4A65-B787-A74961AF1DDC}.Debug|Any CPU.ActiveCfg = Debug|Any CPU
		{AF8AD107-AD63-4A65-B787-A74961AF1DDC}.Debug|Any CPU.Build.0 = Debug|Any CPU
		{AF8AD107-AD63-4A65-B787-A74961AF1DDC}.Release|Any CPU.ActiveCfg = Release|Any CPU
		{AF8AD107-AD63-4A65-B787-A74961AF1DDC}.Release|Any CPU.Build.0 = Release|Any CPU
	EndGlobalSection
	GlobalSection(SolutionProperties) = preSolution
		HideSolutionNode = FALSE
	EndGlobalSection
	GlobalSection(ExtensibilityGlobals) = postSolution
		SolutionGuid = {C20CFA36-23F5-41DF-AEF3-8CF8A3CD51FE}
	EndGlobalSection
EndGlobal
